
Microsoft Visual Studio Solution File, Format Version 12.00
# Visual Studio Version 17
VisualStudioVersion = 17.8.34525.116
MinimumVisualStudioVersion = 10.0.40219.1
Project("{9A19103F-16F7-4668-BE54-9A1E7A4F7556}") = "RailwayStation", "RailwayStation\RailwayStation.csproj", "{C0230AC7-F580-4B66-955A-3B30EA2370EF}"
EndProject
Project("{9A19103F-16F7-4668-BE54-9A1E7A4F7556}") = "RailwayLibrary", "RailwayLibrary\RailwayLibrary.csproj", "{FD017312-0C08-4579-B63C-C0D120E3790E}"
EndProject
Project("{FAE04EC0-301F-11D3-BF4B-00C04F79EFBC}") = "RailwayStation.Tests", "RailwayStation.Tests\RailwayStation.Tests.csproj", "{630EFDF3-DC2B-4CA2-A498-3C5196049A9E}"
EndProject
Global
	GlobalSection(SolutionConfigurationPlatforms) = preSolution
		Debug|Any CPU = Debug|Any CPU
		Release|Any CPU = Release|Any CPU
	EndGlobalSection
	GlobalSection(ProjectConfigurationPlatforms) = postSolution
		{C0230AC7-F580-4B66-955A-3B30EA2370EF}.Debug|Any CPU.ActiveCfg = Debug|Any CPU
		{C0230AC7-F580-4B66-955A-3B30EA2370EF}.Debug|Any CPU.Build.0 = Debug|Any CPU
		{C0230AC7-F580-4B66-955A-3B30EA2370EF}.Release|Any CPU.ActiveCfg = Release|Any CPU
		{C0230AC7-F580-4B66-955A-3B30EA2370EF}.Release|Any CPU.Build.0 = Release|Any CPU
		{FD017312-0C08-4579-B63C-C0D120E3790E}.Debug|Any CPU.ActiveCfg = Debug|Any CPU
		{FD017312-0C08-4579-B63C-C0D120E3790E}.Debug|Any CPU.Build.0 = Debug|Any CPU
		{FD017312-0C08-4579-B63C-C0D120E3790E}.Release|Any CPU.ActiveCfg = Release|Any CPU
		{FD017312-0C08-4579-B63C-C0D120E3790E}.Release|Any CPU.Build.0 = Release|Any CPU
		{630EFDF3-DC2B-4CA2-A498-3C5196049A9E}.Debug|Any CPU.ActiveCfg = Debug|Any CPU
		{630EFDF3-DC2B-4CA2-A498-3C5196049A9E}.Debug|Any CPU.Build.0 = Debug|Any CPU
		{630EFDF3-DC2B-4CA2-A498-3C5196049A9E}.Release|Any CPU.ActiveCfg = Release|Any CPU
		{630EFDF3-DC2B-4CA2-A498-3C5196049A9E}.Release|Any CPU.Build.0 = Release|Any CPU
	EndGlobalSection
	GlobalSection(SolutionProperties) = preSolution
		HideSolutionNode = FALSE
	EndGlobalSection
	GlobalSection(ExtensibilityGlobals) = postSolution
		SolutionGuid = {7A12B6F2-29CE-494D-AB0B-D22A6B42A059}
	EndGlobalSection
EndGlobal
